// !$*UTF8*$!
{
	archiveVersion = 1;
	classes = {
	};
	objectVersion = 46;
	objects = {

/* Begin PBXBuildFile section */
		7709A1A51B5695830033A0B3 /* RhombusViewLayout.m in Sources */ = {isa = PBXBuildFile; fileRef = 7709A1A41B5695830033A0B3 /* RhombusViewLayout.m */; };
		7709A1A81B56959C0033A0B3 /* RhombusCell.m in Sources */ = {isa = PBXBuildFile; fileRef = 7709A1A71B56959C0033A0B3 /* RhombusCell.m */; };
		775F9A5E1B569205007E88C6 /* RhombusViewController.m in Sources */ = {isa = PBXBuildFile; fileRef = 775F9A5D1B569205007E88C6 /* RhombusViewController.m */; };
		7781D7EC1B4D9BCA00D1DBA7 /* main.m in Sources */ = {isa = PBXBuildFile; fileRef = 7781D7EB1B4D9BCA00D1DBA7 /* main.m */; };
		7781D7EF1B4D9BCA00D1DBA7 /* AppDelegate.m in Sources */ = {isa = PBXBuildFile; fileRef = 7781D7EE1B4D9BCA00D1DBA7 /* AppDelegate.m */; };
		7781D7F21B4D9BCA00D1DBA7 /* PractiseDemo.xcdatamodeld in Sources */ = {isa = PBXBuildFile; fileRef = 7781D7F01B4D9BCA00D1DBA7 /* PractiseDemo.xcdatamodeld */; };
		7781D7F51B4D9BCA00D1DBA7 /* ViewController.m in Sources */ = {isa = PBXBuildFile; fileRef = 7781D7F41B4D9BCA00D1DBA7 /* ViewController.m */; };
		7781D7F81B4D9BCA00D1DBA7 /* Main.storyboard in Resources */ = {isa = PBXBuildFile; fileRef = 7781D7F61B4D9BCA00D1DBA7 /* Main.storyboard */; };
		7781D7FA1B4D9BCA00D1DBA7 /* Images.xcassets in Resources */ = {isa = PBXBuildFile; fileRef = 7781D7F91B4D9BCA00D1DBA7 /* Images.xcassets */; };
		7781D7FD1B4D9BCA00D1DBA7 /* LaunchScreen.xib in Resources */ = {isa = PBXBuildFile; fileRef = 7781D7FB1B4D9BCA00D1DBA7 /* LaunchScreen.xib */; };
		7781D8091B4D9BCA00D1DBA7 /* PractiseDemoTests.m in Sources */ = {isa = PBXBuildFile; fileRef = 7781D8081B4D9BCA00D1DBA7 /* PractiseDemoTests.m */; };
		7781D8141B4D9CF600D1DBA7 /* RootTableViewController.m in Sources */ = {isa = PBXBuildFile; fileRef = 7781D8131B4D9CF600D1DBA7 /* RootTableViewController.m */; };
		779EDC821B5245B100EAE9E8 /* ClockViewController.m in Sources */ = {isa = PBXBuildFile; fileRef = 779EDC811B5245B100EAE9E8 /* ClockViewController.m */; };
		779EDC861B52476400EAE9E8 /* ClockDataModel.m in Sources */ = {isa = PBXBuildFile; fileRef = 779EDC851B52476400EAE9E8 /* ClockDataModel.m */; };
		779EDC891B5247AB00EAE9E8 /* ClockCollectionView.m in Sources */ = {isa = PBXBuildFile; fileRef = 779EDC881B5247AB00EAE9E8 /* ClockCollectionView.m */; };
		779EDC8C1B524A9000EAE9E8 /* ClockView.m in Sources */ = {isa = PBXBuildFile; fileRef = 779EDC8B1B524A9000EAE9E8 /* ClockView.m */; };
		779EDC901B525BB900EAE9E8 /* ClockCollectionCell.m in Sources */ = {isa = PBXBuildFile; fileRef = 779EDC8F1B525BB900EAE9E8 /* ClockCollectionCell.m */; };
		77EAE5471B6DCEB800D7395D /* QuartzCodeViewController.m in Sources */ = {isa = PBXBuildFile; fileRef = 77EAE5461B6DCEB800D7395D /* QuartzCodeViewController.m */; };
		77EAE54C1B6DCEE500D7395D /* ArrowView.m in Sources */ = {isa = PBXBuildFile; fileRef = 77EAE5491B6DCEE500D7395D /* ArrowView.m */; };
		77EAE54D1B6DCEE500D7395D /* QCMethod.m in Sources */ = {isa = PBXBuildFile; fileRef = 77EAE54B1B6DCEE500D7395D /* QCMethod.m */; };
/* End PBXBuildFile section */

/* Begin PBXContainerItemProxy section */
		7781D8031B4D9BCA00D1DBA7 /* PBXContainerItemProxy */ = {
			isa = PBXContainerItemProxy;
			containerPortal = 7781D7DE1B4D9BCA00D1DBA7 /* Project object */;
			proxyType = 1;
			remoteGlobalIDString = 7781D7E51B4D9BCA00D1DBA7;
			remoteInfo = PractiseDemo;
		};
/* End PBXContainerItemProxy section */

/* Begin PBXFileReference section */
		7709A1A31B5695830033A0B3 /* RhombusViewLayout.h */ = {isa = PBXFileReference; fileEncoding = 4; lastKnownFileType = sourcecode.c.h; path = RhombusViewLayout.h; sourceTree = "<group>"; };
		7709A1A41B5695830033A0B3 /* RhombusViewLayout.m */ = {isa = PBXFileReference; fileEncoding = 4; lastKnownFileType = sourcecode.c.objc; path = RhombusViewLayout.m; sourceTree = "<group>"; };
		7709A1A61B56959C0033A0B3 /* RhombusCell.h */ = {isa = PBXFileReference; fileEncoding = 4; lastKnownFileType = sourcecode.c.h; path = RhombusCell.h; sourceTree = "<group>"; };
		7709A1A71B56959C0033A0B3 /* RhombusCell.m */ = {isa = PBXFileReference; fileEncoding = 4; lastKnownFileType = sourcecode.c.objc; path = RhombusCell.m; sourceTree = "<group>"; };
		775F9A5C1B569205007E88C6 /* RhombusViewController.h */ = {isa = PBXFileReference; fileEncoding = 4; lastKnownFileType = sourcecode.c.h; path = RhombusViewController.h; sourceTree = "<group>"; };
		775F9A5D1B569205007E88C6 /* RhombusViewController.m */ = {isa = PBXFileReference; fileEncoding = 4; lastKnownFileType = sourcecode.c.objc; path = RhombusViewController.m; sourceTree = "<group>"; };
		7781D7E61B4D9BCA00D1DBA7 /* PractiseDemo.app */ = {isa = PBXFileReference; explicitFileType = wrapper.application; includeInIndex = 0; path = PractiseDemo.app; sourceTree = BUILT_PRODUCTS_DIR; };
		7781D7EA1B4D9BCA00D1DBA7 /* Info.plist */ = {isa = PBXFileReference; lastKnownFileType = text.plist.xml; path = Info.plist; sourceTree = "<group>"; };
		7781D7EB1B4D9BCA00D1DBA7 /* main.m */ = {isa = PBXFileReference; lastKnownFileType = sourcecode.c.objc; path = main.m; sourceTree = "<group>"; };
		7781D7ED1B4D9BCA00D1DBA7 /* AppDelegate.h */ = {isa = PBXFileReference; lastKnownFileType = sourcecode.c.h; path = AppDelegate.h; sourceTree = "<group>"; };
		7781D7EE1B4D9BCA00D1DBA7 /* AppDelegate.m */ = {isa = PBXFileReference; lastKnownFileType = sourcecode.c.objc; path = AppDelegate.m; sourceTree = "<group>"; };
		7781D7F11B4D9BCA00D1DBA7 /* PractiseDemo.xcdatamodel */ = {isa = PBXFileReference; lastKnownFileType = wrapper.xcdatamodel; path = PractiseDemo.xcdatamodel; sourceTree = "<group>"; };
		7781D7F31B4D9BCA00D1DBA7 /* ViewController.h */ = {isa = PBXFileReference; lastKnownFileType = sourcecode.c.h; path = ViewController.h; sourceTree = "<group>"; };
		7781D7F41B4D9BCA00D1DBA7 /* ViewController.m */ = {isa = PBXFileReference; lastKnownFileType = sourcecode.c.objc; path = ViewController.m; sourceTree = "<group>"; };
		7781D7F71B4D9BCA00D1DBA7 /* Base */ = {isa = PBXFileReference; lastKnownFileType = file.storyboard; name = Base; path = Base.lproj/Main.storyboard; sourceTree = "<group>"; };
		7781D7F91B4D9BCA00D1DBA7 /* Images.xcassets */ = {isa = PBXFileReference; lastKnownFileType = folder.assetcatalog; path = Images.xcassets; sourceTree = "<group>"; };
		7781D7FC1B4D9BCA00D1DBA7 /* Base */ = {isa = PBXFileReference; lastKnownFileType = file.xib; name = Base; path = Base.lproj/LaunchScreen.xib; sourceTree = "<group>"; };
		7781D8021B4D9BCA00D1DBA7 /* PractiseDemoTests.xctest */ = {isa = PBXFileReference; explicitFileType = wrapper.cfbundle; includeInIndex = 0; path = PractiseDemoTests.xctest; sourceTree = BUILT_PRODUCTS_DIR; };
		7781D8071B4D9BCA00D1DBA7 /* Info.plist */ = {isa = PBXFileReference; lastKnownFileType = text.plist.xml; path = Info.plist; sourceTree = "<group>"; };
		7781D8081B4D9BCA00D1DBA7 /* PractiseDemoTests.m */ = {isa = PBXFileReference; lastKnownFileType = sourcecode.c.objc; path = PractiseDemoTests.m; sourceTree = "<group>"; };
		7781D8121B4D9CF600D1DBA7 /* RootTableViewController.h */ = {isa = PBXFileReference; fileEncoding = 4; lastKnownFileType = sourcecode.c.h; path = RootTableViewController.h; sourceTree = "<group>"; };
		7781D8131B4D9CF600D1DBA7 /* RootTableViewController.m */ = {isa = PBXFileReference; fileEncoding = 4; lastKnownFileType = sourcecode.c.objc; path = RootTableViewController.m; sourceTree = "<group>"; };
		779EDC801B5245B100EAE9E8 /* ClockViewController.h */ = {isa = PBXFileReference; fileEncoding = 4; lastKnownFileType = sourcecode.c.h; path = ClockViewController.h; sourceTree = "<group>"; };
		779EDC811B5245B100EAE9E8 /* ClockViewController.m */ = {isa = PBXFileReference; fileEncoding = 4; lastKnownFileType = sourcecode.c.objc; path = ClockViewController.m; sourceTree = "<group>"; };
		779EDC841B52476400EAE9E8 /* ClockDataModel.h */ = {isa = PBXFileReference; fileEncoding = 4; lastKnownFileType = sourcecode.c.h; path = ClockDataModel.h; sourceTree = "<group>"; };
		779EDC851B52476400EAE9E8 /* ClockDataModel.m */ = {isa = PBXFileReference; fileEncoding = 4; lastKnownFileType = sourcecode.c.objc; path = ClockDataModel.m; sourceTree = "<group>"; };
		779EDC871B5247AB00EAE9E8 /* ClockCollectionView.h */ = {isa = PBXFileReference; fileEncoding = 4; lastKnownFileType = sourcecode.c.h; path = ClockCollectionView.h; sourceTree = "<group>"; };
		779EDC881B5247AB00EAE9E8 /* ClockCollectionView.m */ = {isa = PBXFileReference; fileEncoding = 4; lastKnownFileType = sourcecode.c.objc; path = ClockCollectionView.m; sourceTree = "<group>"; };
		779EDC8A1B524A9000EAE9E8 /* ClockView.h */ = {isa = PBXFileReference; fileEncoding = 4; lastKnownFileType = sourcecode.c.h; path = ClockView.h; sourceTree = "<group>"; };
		779EDC8B1B524A9000EAE9E8 /* ClockView.m */ = {isa = PBXFileReference; fileEncoding = 4; lastKnownFileType = sourcecode.c.objc; path = ClockView.m; sourceTree = "<group>"; };
		779EDC8D1B524B1F00EAE9E8 /* PrefixHeader.pch */ = {isa = PBXFileReference; lastKnownFileType = sourcecode.c.h; path = PrefixHeader.pch; sourceTree = "<group>"; };
		779EDC8E1B525BB900EAE9E8 /* ClockCollectionCell.h */ = {isa = PBXFileReference; fileEncoding = 4; lastKnownFileType = sourcecode.c.h; path = ClockCollectionCell.h; sourceTree = "<group>"; };
		779EDC8F1B525BB900EAE9E8 /* ClockCollectionCell.m */ = {isa = PBXFileReference; fileEncoding = 4; lastKnownFileType = sourcecode.c.objc; path = ClockCollectionCell.m; sourceTree = "<group>"; };
		77EAE5451B6DCEB800D7395D /* QuartzCodeViewController.h */ = {isa = PBXFileReference; fileEncoding = 4; lastKnownFileType = sourcecode.c.h; path = QuartzCodeViewController.h; sourceTree = "<group>"; };
		77EAE5461B6DCEB800D7395D /* QuartzCodeViewController.m */ = {isa = PBXFileReference; fileEncoding = 4; lastKnownFileType = sourcecode.c.objc; path = QuartzCodeViewController.m; sourceTree = "<group>"; };
		77EAE5481B6DCEE500D7395D /* ArrowView.h */ = {isa = PBXFileReference; fileEncoding = 4; lastKnownFileType = sourcecode.c.h; path = ArrowView.h; sourceTree = "<group>"; };
		77EAE5491B6DCEE500D7395D /* ArrowView.m */ = {isa = PBXFileReference; fileEncoding = 4; lastKnownFileType = sourcecode.c.objc; path = ArrowView.m; sourceTree = "<group>"; };
		77EAE54A1B6DCEE500D7395D /* QCMethod.h */ = {isa = PBXFileReference; fileEncoding = 4; lastKnownFileType = sourcecode.c.h; path = QCMethod.h; sourceTree = "<group>"; };
		77EAE54B1B6DCEE500D7395D /* QCMethod.m */ = {isa = PBXFileReference; fileEncoding = 4; lastKnownFileType = sourcecode.c.objc; path = QCMethod.m; sourceTree = "<group>"; };
/* End PBXFileReference section */

/* Begin PBXFrameworksBuildPhase section */
		7781D7E31B4D9BCA00D1DBA7 /* Frameworks */ = {
			isa = PBXFrameworksBuildPhase;
			buildActionMask = 2147483647;
			files = (
			);
			runOnlyForDeploymentPostprocessing = 0;
		};
		7781D7FF1B4D9BCA00D1DBA7 /* Frameworks */ = {
			isa = PBXFrameworksBuildPhase;
			buildActionMask = 2147483647;
			files = (
			);
			runOnlyForDeploymentPostprocessing = 0;
		};
/* End PBXFrameworksBuildPhase section */

/* Begin PBXGroup section */
		775F9A5B1B5691D5007E88C6 /* RhombusCollection */ = {
			isa = PBXGroup;
			children = (
				775F9A5C1B569205007E88C6 /* RhombusViewController.h */,
				775F9A5D1B569205007E88C6 /* RhombusViewController.m */,
				7709A1A31B5695830033A0B3 /* RhombusViewLayout.h */,
				7709A1A41B5695830033A0B3 /* RhombusViewLayout.m */,
				7709A1A61B56959C0033A0B3 /* RhombusCell.h */,
				7709A1A71B56959C0033A0B3 /* RhombusCell.m */,
			);
			name = RhombusCollection;
			sourceTree = "<group>";
		};
		7781D7DD1B4D9BCA00D1DBA7 = {
			isa = PBXGroup;
			children = (
				7781D7E81B4D9BCA00D1DBA7 /* PractiseDemo */,
				7781D8051B4D9BCA00D1DBA7 /* PractiseDemoTests */,
				7781D7E71B4D9BCA00D1DBA7 /* Products */,
			);
			sourceTree = "<group>";
		};
		7781D7E71B4D9BCA00D1DBA7 /* Products */ = {
			isa = PBXGroup;
			children = (
				7781D7E61B4D9BCA00D1DBA7 /* PractiseDemo.app */,
				7781D8021B4D9BCA00D1DBA7 /* PractiseDemoTests.xctest */,
			);
			name = Products;
			sourceTree = "<group>";
		};
		7781D7E81B4D9BCA00D1DBA7 /* PractiseDemo */ = {
			isa = PBXGroup;
			children = (
				7781D7ED1B4D9BCA00D1DBA7 /* AppDelegate.h */,
				7781D7EE1B4D9BCA00D1DBA7 /* AppDelegate.m */,
				7781D7F31B4D9BCA00D1DBA7 /* ViewController.h */,
				7781D7F41B4D9BCA00D1DBA7 /* ViewController.m */,
				7781D8121B4D9CF600D1DBA7 /* RootTableViewController.h */,
				7781D8131B4D9CF600D1DBA7 /* RootTableViewController.m */,
				7781D7F61B4D9BCA00D1DBA7 /* Main.storyboard */,
				7781D7F91B4D9BCA00D1DBA7 /* Images.xcassets */,
				7781D7FB1B4D9BCA00D1DBA7 /* LaunchScreen.xib */,
				7781D7F01B4D9BCA00D1DBA7 /* PractiseDemo.xcdatamodeld */,
				7781D7E91B4D9BCA00D1DBA7 /* Supporting Files */,
				779EDC831B52465F00EAE9E8 /* Clock */,
				775F9A5B1B5691D5007E88C6 /* RhombusCollection */,
				77EAE5441B6DCE8800D7395D /* QuartzCodeDemo */,
			);
			path = PractiseDemo;
			sourceTree = "<group>";
		};
		7781D7E91B4D9BCA00D1DBA7 /* Supporting Files */ = {
			isa = PBXGroup;
			children = (
				7781D7EA1B4D9BCA00D1DBA7 /* Info.plist */,
				7781D7EB1B4D9BCA00D1DBA7 /* main.m */,
				779EDC8D1B524B1F00EAE9E8 /* PrefixHeader.pch */,
			);
			name = "Supporting Files";
			sourceTree = "<group>";
		};
		7781D8051B4D9BCA00D1DBA7 /* PractiseDemoTests */ = {
			isa = PBXGroup;
			children = (
				7781D8081B4D9BCA00D1DBA7 /* PractiseDemoTests.m */,
				7781D8061B4D9BCA00D1DBA7 /* Supporting Files */,
			);
			path = PractiseDemoTests;
			sourceTree = "<group>";
		};
		7781D8061B4D9BCA00D1DBA7 /* Supporting Files */ = {
			isa = PBXGroup;
			children = (
				7781D8071B4D9BCA00D1DBA7 /* Info.plist */,
			);
			name = "Supporting Files";
			sourceTree = "<group>";
		};
		779EDC831B52465F00EAE9E8 /* Clock */ = {
			isa = PBXGroup;
			children = (
				779EDC801B5245B100EAE9E8 /* ClockViewController.h */,
				779EDC811B5245B100EAE9E8 /* ClockViewController.m */,
				779EDC841B52476400EAE9E8 /* ClockDataModel.h */,
				779EDC851B52476400EAE9E8 /* ClockDataModel.m */,
				779EDC871B5247AB00EAE9E8 /* ClockCollectionView.h */,
				779EDC881B5247AB00EAE9E8 /* ClockCollectionView.m */,
				779EDC8A1B524A9000EAE9E8 /* ClockView.h */,
				779EDC8B1B524A9000EAE9E8 /* ClockView.m */,
				779EDC8E1B525BB900EAE9E8 /* ClockCollectionCell.h */,
				779EDC8F1B525BB900EAE9E8 /* ClockCollectionCell.m */,
			);
			name = Clock;
			sourceTree = "<group>";
		};
		77EAE5441B6DCE8800D7395D /* QuartzCodeDemo */ = {
			isa = PBXGroup;
			children = (
				77EAE5481B6DCEE500D7395D /* ArrowView.h */,
				77EAE5491B6DCEE500D7395D /* ArrowView.m */,
				77EAE54A1B6DCEE500D7395D /* QCMethod.h */,
				77EAE54B1B6DCEE500D7395D /* QCMethod.m */,
				77EAE5451B6DCEB800D7395D /* QuartzCodeViewController.h */,
				77EAE5461B6DCEB800D7395D /* QuartzCodeViewController.m */,
			);
			name = QuartzCodeDemo;
			sourceTree = "<group>";
		};
/* End PBXGroup section */

/* Begin PBXNativeTarget section */
		7781D7E51B4D9BCA00D1DBA7 /* PractiseDemo */ = {
			isa = PBXNativeTarget;
			buildConfigurationList = 7781D80C1B4D9BCA00D1DBA7 /* Build configuration list for PBXNativeTarget "PractiseDemo" */;
			buildPhases = (
				7781D7E21B4D9BCA00D1DBA7 /* Sources */,
				7781D7E31B4D9BCA00D1DBA7 /* Frameworks */,
				7781D7E41B4D9BCA00D1DBA7 /* Resources */,
			);
			buildRules = (
			);
			dependencies = (
			);
			name = PractiseDemo;
			productName = PractiseDemo;
			productReference = 7781D7E61B4D9BCA00D1DBA7 /* PractiseDemo.app */;
			productType = "com.apple.product-type.application";
		};
		7781D8011B4D9BCA00D1DBA7 /* PractiseDemoTests */ = {
			isa = PBXNativeTarget;
			buildConfigurationList = 7781D80F1B4D9BCA00D1DBA7 /* Build configuration list for PBXNativeTarget "PractiseDemoTests" */;
			buildPhases = (
				7781D7FE1B4D9BCA00D1DBA7 /* Sources */,
				7781D7FF1B4D9BCA00D1DBA7 /* Frameworks */,
				7781D8001B4D9BCA00D1DBA7 /* Resources */,
			);
			buildRules = (
			);
			dependencies = (
				7781D8041B4D9BCA00D1DBA7 /* PBXTargetDependency */,
			);
			name = PractiseDemoTests;
			productName = PractiseDemoTests;
			productReference = 7781D8021B4D9BCA00D1DBA7 /* PractiseDemoTests.xctest */;
			productType = "com.apple.product-type.bundle.unit-test";
		};
/* End PBXNativeTarget section */

/* Begin PBXProject section */
		7781D7DE1B4D9BCA00D1DBA7 /* Project object */ = {
			isa = PBXProject;
			attributes = {
				LastUpgradeCheck = 0640;
				ORGANIZATIONNAME = gukong;
				TargetAttributes = {
					7781D7E51B4D9BCA00D1DBA7 = {
						CreatedOnToolsVersion = 6.4;
					};
					7781D8011B4D9BCA00D1DBA7 = {
						CreatedOnToolsVersion = 6.4;
						TestTargetID = 7781D7E51B4D9BCA00D1DBA7;
					};
				};
			};
			buildConfigurationList = 7781D7E11B4D9BCA00D1DBA7 /* Build configuration list for PBXProject "PractiseDemo" */;
			compatibilityVersion = "Xcode 3.2";
			developmentRegion = English;
			hasScannedForEncodings = 0;
			knownRegions = (
				en,
				Base,
			);
			mainGroup = 7781D7DD1B4D9BCA00D1DBA7;
			productRefGroup = 7781D7E71B4D9BCA00D1DBA7 /* Products */;
			projectDirPath = "";
			projectRoot = "";
			targets = (
				7781D7E51B4D9BCA00D1DBA7 /* PractiseDemo */,
				7781D8011B4D9BCA00D1DBA7 /* PractiseDemoTests */,
			);
		};
/* End PBXProject section */

/* Begin PBXResourcesBuildPhase section */
		7781D7E41B4D9BCA00D1DBA7 /* Resources */ = {
			isa = PBXResourcesBuildPhase;
			buildActionMask = 2147483647;
			files = (
				7781D7F81B4D9BCA00D1DBA7 /* Main.storyboard in Resources */,
				7781D7FD1B4D9BCA00D1DBA7 /* LaunchScreen.xib in Resources */,
				7781D7FA1B4D9BCA00D1DBA7 /* Images.xcassets in Resources */,
			);
			runOnlyForDeploymentPostprocessing = 0;
		};
		7781D8001B4D9BCA00D1DBA7 /* Resources */ = {
			isa = PBXResourcesBuildPhase;
			buildActionMask = 2147483647;
			files = (
			);
			runOnlyForDeploymentPostprocessing = 0;
		};
/* End PBXResourcesBuildPhase section */

/* Begin PBXSourcesBuildPhase section */
		7781D7E21B4D9BCA00D1DBA7 /* Sources */ = {
			isa = PBXSourcesBuildPhase;
			buildActionMask = 2147483647;
			files = (
				779EDC8C1B524A9000EAE9E8 /* ClockView.m in Sources */,
				7781D8141B4D9CF600D1DBA7 /* RootTableViewController.m in Sources */,
				779EDC901B525BB900EAE9E8 /* ClockCollectionCell.m in Sources */,
				779EDC861B52476400EAE9E8 /* ClockDataModel.m in Sources */,
				7709A1A81B56959C0033A0B3 /* RhombusCell.m in Sources */,
				77EAE54C1B6DCEE500D7395D /* ArrowView.m in Sources */,
				7781D7EF1B4D9BCA00D1DBA7 /* AppDelegate.m in Sources */,
				779EDC891B5247AB00EAE9E8 /* ClockCollectionView.m in Sources */,
				7781D7F21B4D9BCA00D1DBA7 /* PractiseDemo.xcdatamodeld in Sources */,
				779EDC821B5245B100EAE9E8 /* ClockViewController.m in Sources */,
				77EAE54D1B6DCEE500D7395D /* QCMethod.m in Sources */,
				775F9A5E1B569205007E88C6 /* RhombusViewController.m in Sources */,
				7781D7F51B4D9BCA00D1DBA7 /* ViewController.m in Sources */,
				7781D7EC1B4D9BCA00D1DBA7 /* main.m in Sources */,
				77EAE5471B6DCEB800D7395D /* QuartzCodeViewController.m in Sources */,
				7709A1A51B5695830033A0B3 /* RhombusViewLayout.m in Sources */,
			);
			runOnlyForDeploymentPostprocessing = 0;
		};
		7781D7FE1B4D9BCA00D1DBA7 /* Sources */ = {
			isa = PBXSourcesBuildPhase;
			buildActionMask = 2147483647;
			files = (
				7781D8091B4D9BCA00D1DBA7 /* PractiseDemoTests.m in Sources */,
			);
			runOnlyForDeploymentPostprocessing = 0;
		};
/* End PBXSourcesBuildPhase section */

/* Begin PBXTargetDependency section */
		7781D8041B4D9BCA00D1DBA7 /* PBXTargetDependency */ = {
			isa = PBXTargetDependency;
			target = 7781D7E51B4D9BCA00D1DBA7 /* PractiseDemo */;
			targetProxy = 7781D8031B4D9BCA00D1DBA7 /* PBXContainerItemProxy */;
		};
/* End PBXTargetDependency section */

/* Begin PBXVariantGroup section */
		7781D7F61B4D9BCA00D1DBA7 /* Main.storyboard */ = {
			isa = PBXVariantGroup;
			children = (
				7781D7F71B4D9BCA00D1DBA7 /* Base */,
			);
			name = Main.storyboard;
			sourceTree = "<group>";
		};
		7781D7FB1B4D9BCA00D1DBA7 /* LaunchScreen.xib */ = {
			isa = PBXVariantGroup;
			children = (
				7781D7FC1B4D9BCA00D1DBA7 /* Base */,
			);
			name = LaunchScreen.xib;
			sourceTree = "<group>";
		};
/* End PBXVariantGroup section */

/* Begin XCBuildConfiguration section */
		7781D80A1B4D9BCA00D1DBA7 /* Debug */ = {
			isa = XCBuildConfiguration;
			buildSettings = {
				ALWAYS_SEARCH_USER_PATHS = NO;
				CLANG_CXX_LANGUAGE_STANDARD = "gnu++0x";
				CLANG_CXX_LIBRARY = "libc++";
				CLANG_ENABLE_MODULES = YES;
				CLANG_ENABLE_OBJC_ARC = YES;
				CLANG_WARN_BOOL_CONVERSION = YES;
				CLANG_WARN_CONSTANT_CONVERSION = YES;
				CLANG_WARN_DIRECT_OBJC_ISA_USAGE = YES_ERROR;
				CLANG_WARN_EMPTY_BODY = YES;
				CLANG_WARN_ENUM_CONVERSION = YES;
				CLANG_WARN_INT_CONVERSION = YES;
				CLANG_WARN_OBJC_ROOT_CLASS = YES_ERROR;
				CLANG_WARN_UNREACHABLE_CODE = YES;
				CLANG_WARN__DUPLICATE_METHOD_MATCH = YES;
				"CODE_SIGN_IDENTITY[sdk=iphoneos*]" = "iPhone Developer";
				COPY_PHASE_STRIP = NO;
				DEBUG_INFORMATION_FORMAT = "dwarf-with-dsym";
				ENABLE_STRICT_OBJC_MSGSEND = YES;
				GCC_C_LANGUAGE_STANDARD = gnu99;
				GCC_DYNAMIC_NO_PIC = NO;
				GCC_NO_COMMON_BLOCKS = YES;
				GCC_OPTIMIZATION_LEVEL = 0;
				GCC_PREPROCESSOR_DEFINITIONS = (
					"DEBUG=1",
					"$(inherited)",
				);
				GCC_SYMBOLS_PRIVATE_EXTERN = NO;
				GCC_WARN_64_TO_32_BIT_CONVERSION = YES;
				GCC_WARN_ABOUT_RETURN_TYPE = YES_ERROR;
				GCC_WARN_UNDECLARED_SELECTOR = YES;
				GCC_WARN_UNINITIALIZED_AUTOS = YES_AGGRESSIVE;
				GCC_WARN_UNUSED_FUNCTION = YES;
				GCC_WARN_UNUSED_VARIABLE = YES;
				IPHONEOS_DEPLOYMENT_TARGET = 8.4;
				MTL_ENABLE_DEBUG_INFO = YES;
				ONLY_ACTIVE_ARCH = YES;
				SDKROOT = iphoneos;
			};
			name = Debug;
		};
		7781D80B1B4D9BCA00D1DBA7 /* Release */ = {
			isa = XCBuildConfiguration;
			buildSettings = {
				ALWAYS_SEARCH_USER_PATHS = NO;
				CLANG_CXX_LANGUAGE_STANDARD = "gnu++0x";
				CLANG_CXX_LIBRARY = "libc++";
				CLANG_ENABLE_MODULES = YES;
				CLANG_ENABLE_OBJC_ARC = YES;
				CLANG_WARN_BOOL_CONVERSION = YES;
				CLANG_WARN_CONSTANT_CONVERSION = YES;
				CLANG_WARN_DIRECT_OBJC_ISA_USAGE = YES_ERROR;
				CLANG_WARN_EMPTY_BODY = YES;
				CLANG_WARN_ENUM_CONVERSION = YES;
				CLANG_WARN_INT_CONVERSION = YES;
				CLANG_WARN_OBJC_ROOT_CLASS = YES_ERROR;
				CLANG_WARN_UNREACHABLE_CODE = YES;
				CLANG_WARN__DUPLICATE_METHOD_MATCH = YES;
				"CODE_SIGN_IDENTITY[sdk=iphoneos*]" = "iPhone Developer";
				COPY_PHASE_STRIP = NO;
				DEBUG_INFORMATION_FORMAT = "dwarf-with-dsym";
				ENABLE_NS_ASSERTIONS = NO;
				ENABLE_STRICT_OBJC_MSGSEND = YES;
				GCC_C_LANGUAGE_STANDARD = gnu99;
				GCC_NO_COMMON_BLOCKS = YES;
				GCC_WARN_64_TO_32_BIT_CONVERSION = YES;
				GCC_WARN_ABOUT_RETURN_TYPE = YES_ERROR;
				GCC_WARN_UNDECLARED_SELECTOR = YES;
				GCC_WARN_UNINITIALIZED_AUTOS = YES_AGGRESSIVE;
				GCC_WARN_UNUSED_FUNCTION = YES;
				GCC_WARN_UNUSED_VARIABLE = YES;
				IPHONEOS_DEPLOYMENT_TARGET = 8.4;
				MTL_ENABLE_DEBUG_INFO = NO;
				SDKROOT = iphoneos;
				VALIDATE_PRODUCT = YES;
			};
			name = Release;
		};
		7781D80D1B4D9BCA00D1DBA7 /* Debug */ = {
			isa = XCBuildConfiguration;
			buildSettings = {
				ASSETCATALOG_COMPILER_APPICON_NAME = AppIcon;
				GCC_PRECOMPILE_PREFIX_HEADER = YES;
				GCC_PREFIX_HEADER = "$(SRCROOT)/PractiseDemo/PrefixHeader.pch";
				INFOPLIST_FILE = PractiseDemo/Info.plist;
				LD_RUNPATH_SEARCH_PATHS = "$(inherited) @executable_path/Frameworks";
				PRODUCT_NAME = "$(TARGET_NAME)";
			};
			name = Debug;
		};
		7781D80E1B4D9BCA00D1DBA7 /* Release */ = {
			isa = XCBuildConfiguration;
			buildSettings = {
				ASSETCATALOG_COMPILER_APPICON_NAME = AppIcon;
				GCC_PRECOMPILE_PREFIX_HEADER = YES;
				GCC_PREFIX_HEADER = "$(SRCROOT)/PractiseDemo/PrefixHeader.pch";
				INFOPLIST_FILE = PractiseDemo/Info.plist;
				LD_RUNPATH_SEARCH_PATHS = "$(inherited) @executable_path/Frameworks";
				PRODUCT_NAME = "$(TARGET_NAME)";
			};
			name = Release;
		};
		7781D8101B4D9BCA00D1DBA7 /* Debug */ = {
			isa = XCBuildConfiguration;
			buildSettings = {
				BUNDLE_LOADER = "$(TEST_HOST)";
				FRAMEWORK_SEARCH_PATHS = (
					"$(SDKROOT)/Developer/Library/Frameworks",
					"$(inherited)",
				);
				GCC_PREPROCESSOR_DEFINITIONS = (
					"DEBUG=1",
					"$(inherited)",
				);
				INFOPLIST_FILE = PractiseDemoTests/Info.plist;
				LD_RUNPATH_SEARCH_PATHS = "$(inherited) @executable_path/Frameworks @loader_path/Frameworks";
				PRODUCT_NAME = "$(TARGET_NAME)";
				TEST_HOST = "$(BUILT_PRODUCTS_DIR)/PractiseDemo.app/PractiseDemo";
			};
			name = Debug;
		};
		7781D8111B4D9BCA00D1DBA7 /* Release */ = {
			isa = XCBuildConfiguration;
			buildSettings = {
				BUNDLE_LOADER = "$(TEST_HOST)";
				FRAMEWORK_SEARCH_PATHS = (
					"$(SDKROOT)/Developer/Library/Frameworks",
					"$(inherited)",
				);
				INFOPLIST_FILE = PractiseDemoTests/Info.plist;
				LD_RUNPATH_SEARCH_PATHS = "$(inherited) @executable_path/Frameworks @loader_path/Frameworks";
				PRODUCT_NAME = "$(TARGET_NAME)";
				TEST_HOST = "$(BUILT_PRODUCTS_DIR)/PractiseDemo.app/PractiseDemo";
			};
			name = Release;
		};
/* End XCBuildConfiguration section */

/* Begin XCConfigurationList section */
		7781D7E11B4D9BCA00D1DBA7 /* Build configuration list for PBXProject "PractiseDemo" */ = {
			isa = XCConfigurationList;
			buildConfigurations = (
				7781D80A1B4D9BCA00D1DBA7 /* Debug */,
				7781D80B1B4D9BCA00D1DBA7 /* Release */,
			);
			defaultConfigurationIsVisible = 0;
			defaultConfigurationName = Release;
		};
		7781D80C1B4D9BCA00D1DBA7 /* Build configuration list for PBXNativeTarget "PractiseDemo" */ = {
			isa = XCConfigurationList;
			buildConfigurations = (
				7781D80D1B4D9BCA00D1DBA7 /* Debug */,
				7781D80E1B4D9BCA00D1DBA7 /* Release */,
			);
			defaultConfigurationIsVisible = 0;
			defaultConfigurationName = Release;
		};
		7781D80F1B4D9BCA00D1DBA7 /* Build configuration list for PBXNativeTarget "PractiseDemoTests" */ = {
			isa = XCConfigurationList;
			buildConfigurations = (
				7781D8101B4D9BCA00D1DBA7 /* Debug */,
				7781D8111B4D9BCA00D1DBA7 /* Release */,
			);
			defaultConfigurationIsVisible = 0;
			defaultConfigurationName = Release;
		};
/* End XCConfigurationList section */

/* Begin XCVersionGroup section */
		7781D7F01B4D9BCA00D1DBA7 /* PractiseDemo.xcdatamodeld */ = {
			isa = XCVersionGroup;
			children = (
				7781D7F11B4D9BCA00D1DBA7 /* PractiseDemo.xcdatamodel */,
			);
			currentVersion = 7781D7F11B4D9BCA00D1DBA7 /* PractiseDemo.xcdatamodel */;
			path = PractiseDemo.xcdatamodeld;
			sourceTree = "<group>";
			versionGroupType = wrapper.xcdatamodel;
		};
/* End XCVersionGroup section */
	};
	rootObject = 7781D7DE1B4D9BCA00D1DBA7 /* Project object */;
}
